// !$*UTF8*$!
{
	archiveVersion = 1;
	classes = {
	};
	objectVersion = 50;
	objects = {

/* Begin PBXBuildFile section */
		CEACF82824358000007B75EB /* AppDelegate.swift in Sources */ = {isa = PBXBuildFile; fileRef = CEACF82724358000007B75EB /* AppDelegate.swift */; };
		CEACF82A24358000007B75EB /* SceneDelegate.swift in Sources */ = {isa = PBXBuildFile; fileRef = CEACF82924358000007B75EB /* SceneDelegate.swift */; };
		CEACF82C24358000007B75EB /* ViewController.swift in Sources */ = {isa = PBXBuildFile; fileRef = CEACF82B24358000007B75EB /* ViewController.swift */; };
		CEACF82F24358000007B75EB /* Main.storyboard in Resources */ = {isa = PBXBuildFile; fileRef = CEACF82D24358000007B75EB /* Main.storyboard */; };
		CEACF83124358004007B75EB /* Assets.xcassets in Resources */ = {isa = PBXBuildFile; fileRef = CEACF83024358004007B75EB /* Assets.xcassets */; };
		CEACF83424358004007B75EB /* LaunchScreen.storyboard in Resources */ = {isa = PBXBuildFile; fileRef = CEACF83224358004007B75EB /* LaunchScreen.storyboard */; };
		CEACF83D2435839C007B75EB /* WebKit.framework in Frameworks */ = {isa = PBXBuildFile; fileRef = CEACF83C2435839C007B75EB /* WebKit.framework */; };
		CEACF845243588E4007B75EB /* KeyboardViewController.swift in Sources */ = {isa = PBXBuildFile; fileRef = CEACF844243588E4007B75EB /* KeyboardViewController.swift */; };
		CEACF849243588E4007B75EB /* WebKit Keyboard.appex in Embed App Extensions */ = {isa = PBXBuildFile; fileRef = CEACF842243588E4007B75EB /* WebKit Keyboard.appex */; settings = {ATTRIBUTES = (RemoveHeadersOnCopy, ); }; };
		CEACF85024358AAE007B75EB /* WebKit.framework in Frameworks */ = {isa = PBXBuildFile; fileRef = CEACF83C2435839C007B75EB /* WebKit.framework */; };
		CEACF85124358B09007B75EB /* KeyboardViewController.swift in Sources */ = {isa = PBXBuildFile; fileRef = CEACF844243588E4007B75EB /* KeyboardViewController.swift */; };
/* End PBXBuildFile section */

/* Begin PBXContainerItemProxy section */
		CEACF847243588E4007B75EB /* PBXContainerItemProxy */ = {
			isa = PBXContainerItemProxy;
			containerPortal = CEACF81C24358000007B75EB /* Project object */;
			proxyType = 1;
			remoteGlobalIDString = CEACF841243588E4007B75EB;
			remoteInfo = "WebKit Keyboard";
		};
/* End PBXContainerItemProxy section */

/* Begin PBXCopyFilesBuildPhase section */
		CEACF84D243588E4007B75EB /* Embed App Extensions */ = {
			isa = PBXCopyFilesBuildPhase;
			buildActionMask = 2147483647;
			dstPath = "";
			dstSubfolderSpec = 13;
			files = (
				CEACF849243588E4007B75EB /* WebKit Keyboard.appex in Embed App Extensions */,
			);
			name = "Embed App Extensions";
			runOnlyForDeploymentPostprocessing = 0;
		};
/* End PBXCopyFilesBuildPhase section */

/* Begin PBXFileReference section */
		CEACF82424358000007B75EB /* WebKit Gesture Bug Repro.app */ = {isa = PBXFileReference; explicitFileType = wrapper.application; includeInIndex = 0; path = "WebKit Gesture Bug Repro.app"; sourceTree = BUILT_PRODUCTS_DIR; };
		CEACF82724358000007B75EB /* AppDelegate.swift */ = {isa = PBXFileReference; lastKnownFileType = sourcecode.swift; path = AppDelegate.swift; sourceTree = "<group>"; };
		CEACF82924358000007B75EB /* SceneDelegate.swift */ = {isa = PBXFileReference; lastKnownFileType = sourcecode.swift; path = SceneDelegate.swift; sourceTree = "<group>"; };
		CEACF82B24358000007B75EB /* ViewController.swift */ = {isa = PBXFileReference; lastKnownFileType = sourcecode.swift; path = ViewController.swift; sourceTree = "<group>"; };
		CEACF82E24358000007B75EB /* Base */ = {isa = PBXFileReference; lastKnownFileType = file.storyboard; name = Base; path = Base.lproj/Main.storyboard; sourceTree = "<group>"; };
		CEACF83024358004007B75EB /* Assets.xcassets */ = {isa = PBXFileReference; lastKnownFileType = folder.assetcatalog; path = Assets.xcassets; sourceTree = "<group>"; };
		CEACF83324358004007B75EB /* Base */ = {isa = PBXFileReference; lastKnownFileType = file.storyboard; name = Base; path = Base.lproj/LaunchScreen.storyboard; sourceTree = "<group>"; };
		CEACF83524358004007B75EB /* Info.plist */ = {isa = PBXFileReference; lastKnownFileType = text.plist.xml; path = Info.plist; sourceTree = "<group>"; };
		CEACF83C2435839C007B75EB /* WebKit.framework */ = {isa = PBXFileReference; lastKnownFileType = wrapper.framework; name = WebKit.framework; path = System/Library/Frameworks/WebKit.framework; sourceTree = SDKROOT; };
		CEACF842243588E4007B75EB /* WebKit Keyboard.appex */ = {isa = PBXFileReference; explicitFileType = "wrapper.app-extension"; includeInIndex = 0; path = "WebKit Keyboard.appex"; sourceTree = BUILT_PRODUCTS_DIR; };
		CEACF844243588E4007B75EB /* KeyboardViewController.swift */ = {isa = PBXFileReference; lastKnownFileType = sourcecode.swift; path = KeyboardViewController.swift; sourceTree = "<group>"; };
		CEACF846243588E4007B75EB /* Info.plist */ = {isa = PBXFileReference; lastKnownFileType = text.plist.xml; path = Info.plist; sourceTree = "<group>"; };
/* End PBXFileReference section */

/* Begin PBXFrameworksBuildPhase section */
		CEACF82124358000007B75EB /* Frameworks */ = {
			isa = PBXFrameworksBuildPhase;
			buildActionMask = 2147483647;
			files = (
				CEACF83D2435839C007B75EB /* WebKit.framework in Frameworks */,
			);
			runOnlyForDeploymentPostprocessing = 0;
		};
		CEACF83F243588E4007B75EB /* Frameworks */ = {
			isa = PBXFrameworksBuildPhase;
			buildActionMask = 2147483647;
			files = (
				CEACF85024358AAE007B75EB /* WebKit.framework in Frameworks */,
			);
			runOnlyForDeploymentPostprocessing = 0;
		};
/* End PBXFrameworksBuildPhase section */

/* Begin PBXGroup section */
		CEACF81B24358000007B75EB = {
			isa = PBXGroup;
			children = (
				CEACF82624358000007B75EB /* WebKit Gesture Bug Repro */,
				CEACF843243588E4007B75EB /* WebKit Keyboard */,
				CEACF82524358000007B75EB /* Products */,
				CEACF83B2435839C007B75EB /* Frameworks */,
			);
			sourceTree = "<group>";
		};
		CEACF82524358000007B75EB /* Products */ = {
			isa = PBXGroup;
			children = (
				CEACF82424358000007B75EB /* WebKit Gesture Bug Repro.app */,
				CEACF842243588E4007B75EB /* WebKit Keyboard.appex */,
			);
			name = Products;
			sourceTree = "<group>";
		};
		CEACF82624358000007B75EB /* WebKit Gesture Bug Repro */ = {
			isa = PBXGroup;
			children = (
				CEACF82724358000007B75EB /* AppDelegate.swift */,
				CEACF82924358000007B75EB /* SceneDelegate.swift */,
				CEACF82B24358000007B75EB /* ViewController.swift */,
				CEACF82D24358000007B75EB /* Main.storyboard */,
				CEACF83024358004007B75EB /* Assets.xcassets */,
				CEACF83224358004007B75EB /* LaunchScreen.storyboard */,
				CEACF83524358004007B75EB /* Info.plist */,
			);
			path = "WebKit Gesture Bug Repro";
			sourceTree = "<group>";
		};
		CEACF83B2435839C007B75EB /* Frameworks */ = {
			isa = PBXGroup;
			children = (
				CEACF83C2435839C007B75EB /* WebKit.framework */,
			);
			name = Frameworks;
			sourceTree = "<group>";
		};
		CEACF843243588E4007B75EB /* WebKit Keyboard */ = {
			isa = PBXGroup;
			children = (
				CEACF844243588E4007B75EB /* KeyboardViewController.swift */,
				CEACF846243588E4007B75EB /* Info.plist */,
			);
			path = "WebKit Keyboard";
			sourceTree = "<group>";
		};
/* End PBXGroup section */

/* Begin PBXNativeTarget section */
		CEACF82324358000007B75EB /* WebKit Gesture Bug Repro */ = {
			isa = PBXNativeTarget;
			buildConfigurationList = CEACF83824358004007B75EB /* Build configuration list for PBXNativeTarget "WebKit Gesture Bug Repro" */;
			buildPhases = (
				CEACF82024358000007B75EB /* Sources */,
				CEACF82124358000007B75EB /* Frameworks */,
				CEACF82224358000007B75EB /* Resources */,
				CEACF84D243588E4007B75EB /* Embed App Extensions */,
			);
			buildRules = (
			);
			dependencies = (
				CEACF848243588E4007B75EB /* PBXTargetDependency */,
			);
			name = "WebKit Gesture Bug Repro";
			productName = "WebKit Gesture Bug Repro";
			productReference = CEACF82424358000007B75EB /* WebKit Gesture Bug Repro.app */;
			productType = "com.apple.product-type.application";
		};
		CEACF841243588E4007B75EB /* WebKit Keyboard */ = {
			isa = PBXNativeTarget;
			buildConfigurationList = CEACF84A243588E4007B75EB /* Build configuration list for PBXNativeTarget "WebKit Keyboard" */;
			buildPhases = (
				CEACF83E243588E4007B75EB /* Sources */,
				CEACF83F243588E4007B75EB /* Frameworks */,
				CEACF840243588E4007B75EB /* Resources */,
			);
			buildRules = (
			);
			dependencies = (
			);
			name = "WebKit Keyboard";
			productName = "WebKit Keyboard";
			productReference = CEACF842243588E4007B75EB /* WebKit Keyboard.appex */;
			productType = "com.apple.product-type.app-extension";
		};
/* End PBXNativeTarget section */

/* Begin PBXProject section */
		CEACF81C24358000007B75EB /* Project object */ = {
			isa = PBXProject;
			attributes = {
				LastSwiftUpdateCheck = 1140;
				LastUpgradeCheck = 1140;
				ORGANIZATIONNAME = "Joshua Horton";
				TargetAttributes = {
					CEACF82324358000007B75EB = {
						CreatedOnToolsVersion = 11.4;
					};
					CEACF841243588E4007B75EB = {
						CreatedOnToolsVersion = 11.4;
					};
				};
			};
			buildConfigurationList = CEACF81F24358000007B75EB /* Build configuration list for PBXProject "WebKit Gesture Bug Repro" */;
			compatibilityVersion = "Xcode 9.3";
			developmentRegion = en;
			hasScannedForEncodings = 0;
			knownRegions = (
				en,
				Base,
			);
			mainGroup = CEACF81B24358000007B75EB;
			productRefGroup = CEACF82524358000007B75EB /* Products */;
			projectDirPath = "";
			projectRoot = "";
			targets = (
				CEACF82324358000007B75EB /* WebKit Gesture Bug Repro */,
				CEACF841243588E4007B75EB /* WebKit Keyboard */,
			);
		};
/* End PBXProject section */

/* Begin PBXResourcesBuildPhase section */
		CEACF82224358000007B75EB /* Resources */ = {
			isa = PBXResourcesBuildPhase;
			buildActionMask = 2147483647;
			files = (
				CEACF83424358004007B75EB /* LaunchScreen.storyboard in Resources */,
				CEACF83124358004007B75EB /* Assets.xcassets in Resources */,
				CEACF82F24358000007B75EB /* Main.storyboard in Resources */,
			);
			runOnlyForDeploymentPostprocessing = 0;
		};
		CEACF840243588E4007B75EB /* Resources */ = {
			isa = PBXResourcesBuildPhase;
			buildActionMask = 2147483647;
			files = (
			);
			runOnlyForDeploymentPostprocessing = 0;
		};
/* End PBXResourcesBuildPhase section */

/* Begin PBXSourcesBuildPhase section */
		CEACF82024358000007B75EB /* Sources */ = {
			isa = PBXSourcesBuildPhase;
			buildActionMask = 2147483647;
			files = (
				CEACF82C24358000007B75EB /* ViewController.swift in Sources */,
				CEACF82824358000007B75EB /* AppDelegate.swift in Sources */,
				CEACF82A24358000007B75EB /* SceneDelegate.swift in Sources */,
				CEACF85124358B09007B75EB /* KeyboardViewController.swift in Sources */,
			);
			runOnlyForDeploymentPostprocessing = 0;
		};
		CEACF83E243588E4007B75EB /* Sources */ = {
			isa = PBXSourcesBuildPhase;
			buildActionMask = 2147483647;
			files = (
				CEACF845243588E4007B75EB /* KeyboardViewController.swift in Sources */,
			);
			runOnlyForDeploymentPostprocessing = 0;
		};
/* End PBXSourcesBuildPhase section */

/* Begin PBXTargetDependency section */
		CEACF848243588E4007B75EB /* PBXTargetDependency */ = {
			isa = PBXTargetDependency;
			target = CEACF841243588E4007B75EB /* WebKit Keyboard */;
			targetProxy = CEACF847243588E4007B75EB /* PBXContainerItemProxy */;
		};
/* End PBXTargetDependency section */

/* Begin PBXVariantGroup section */
		CEACF82D24358000007B75EB /* Main.storyboard */ = {
			isa = PBXVariantGroup;
			children = (
				CEACF82E24358000007B75EB /* Base */,
			);
			name = Main.storyboard;
			sourceTree = "<group>";
		};
		CEACF83224358004007B75EB /* LaunchScreen.storyboard */ = {
			isa = PBXVariantGroup;
			children = (
				CEACF83324358004007B75EB /* Base */,
			);
			name = LaunchScreen.storyboard;
			sourceTree = "<group>";
		};
/* End PBXVariantGroup section */

/* Begin XCBuildConfiguration section */
		CEACF83624358004007B75EB /* Debug */ = {
			isa = XCBuildConfiguration;
			buildSettings = {
				ALWAYS_SEARCH_USER_PATHS = NO;
				CLANG_ANALYZER_NONNULL = YES;
				CLANG_ANALYZER_NUMBER_OBJECT_CONVERSION = YES_AGGRESSIVE;
				CLANG_CXX_LANGUAGE_STANDARD = "gnu++14";
				CLANG_CXX_LIBRARY = "libc++";
				CLANG_ENABLE_MODULES = YES;
				CLANG_ENABLE_OBJC_ARC = YES;
				CLANG_ENABLE_OBJC_WEAK = YES;
				CLANG_WARN_BLOCK_CAPTURE_AUTORELEASING = YES;
				CLANG_WARN_BOOL_CONVERSION = YES;
				CLANG_WARN_COMMA = YES;
				CLANG_WARN_CONSTANT_CONVERSION = YES;
				CLANG_WARN_DEPRECATED_OBJC_IMPLEMENTATIONS = YES;
				CLANG_WARN_DIRECT_OBJC_ISA_USAGE = YES_ERROR;
				CLANG_WARN_DOCUMENTATION_COMMENTS = YES;
				CLANG_WARN_EMPTY_BODY = YES;
				CLANG_WARN_ENUM_CONVERSION = YES;
				CLANG_WARN_INFINITE_RECURSION = YES;
				CLANG_WARN_INT_CONVERSION = YES;
				CLANG_WARN_NON_LITERAL_NULL_CONVERSION = YES;
				CLANG_WARN_OBJC_IMPLICIT_RETAIN_SELF = YES;
				CLANG_WARN_OBJC_LITERAL_CONVERSION = YES;
				CLANG_WARN_OBJC_ROOT_CLASS = YES_ERROR;
				CLANG_WARN_RANGE_LOOP_ANALYSIS = YES;
				CLANG_WARN_STRICT_PROTOTYPES = YES;
				CLANG_WARN_SUSPICIOUS_MOVE = YES;
				CLANG_WARN_UNGUARDED_AVAILABILITY = YES_AGGRESSIVE;
				CLANG_WARN_UNREACHABLE_CODE = YES;
				CLANG_WARN__DUPLICATE_METHOD_MATCH = YES;
				COPY_PHASE_STRIP = NO;
				DEBUG_INFORMATION_FORMAT = dwarf;
				ENABLE_STRICT_OBJC_MSGSEND = YES;
				ENABLE_TESTABILITY = YES;
				GCC_C_LANGUAGE_STANDARD = gnu11;
				GCC_DYNAMIC_NO_PIC = NO;
				GCC_NO_COMMON_BLOCKS = YES;
				GCC_OPTIMIZATION_LEVEL = 0;
				GCC_PREPROCESSOR_DEFINITIONS = (
					"DEBUG=1",
					"$(inherited)",
				);
				GCC_WARN_64_TO_32_BIT_CONVERSION = YES;
				GCC_WARN_ABOUT_RETURN_TYPE = YES_ERROR;
				GCC_WARN_UNDECLARED_SELECTOR = YES;
				GCC_WARN_UNINITIALIZED_AUTOS = YES_AGGRESSIVE;
				GCC_WARN_UNUSED_FUNCTION = YES;
				GCC_WARN_UNUSED_VARIABLE = YES;
				IPHONEOS_DEPLOYMENT_TARGET = 13.4;
				MTL_ENABLE_DEBUG_INFO = INCLUDE_SOURCE;
				MTL_FAST_MATH = YES;
				ONLY_ACTIVE_ARCH = YES;
				SDKROOT = iphoneos;
				SWIFT_ACTIVE_COMPILATION_CONDITIONS = DEBUG;
				SWIFT_OPTIMIZATION_LEVEL = "-Onone";
			};
			name = Debug;
		};
		CEACF83724358004007B75EB /* Release */ = {
			isa = XCBuildConfiguration;
			buildSettings = {
				ALWAYS_SEARCH_USER_PATHS = NO;
				CLANG_ANALYZER_NONNULL = YES;
				CLANG_ANALYZER_NUMBER_OBJECT_CONVERSION = YES_AGGRESSIVE;
				CLANG_CXX_LANGUAGE_STANDARD = "gnu++14";
				CLANG_CXX_LIBRARY = "libc++";
				CLANG_ENABLE_MODULES = YES;
				CLANG_ENABLE_OBJC_ARC = YES;
				CLANG_ENABLE_OBJC_WEAK = YES;
				CLANG_WARN_BLOCK_CAPTURE_AUTORELEASING = YES;
				CLANG_WARN_BOOL_CONVERSION = YES;
				CLANG_WARN_COMMA = YES;
				CLANG_WARN_CONSTANT_CONVERSION = YES;
				CLANG_WARN_DEPRECATED_OBJC_IMPLEMENTATIONS = YES;
				CLANG_WARN_DIRECT_OBJC_ISA_USAGE = YES_ERROR;
				CLANG_WARN_DOCUMENTATION_COMMENTS = YES;
				CLANG_WARN_EMPTY_BODY = YES;
				CLANG_WARN_ENUM_CONVERSION = YES;
				CLANG_WARN_INFINITE_RECURSION = YES;
				CLANG_WARN_INT_CONVERSION = YES;
				CLANG_WARN_NON_LITERAL_NULL_CONVERSION = YES;
				CLANG_WARN_OBJC_IMPLICIT_RETAIN_SELF = YES;
				CLANG_WARN_OBJC_LITERAL_CONVERSION = YES;
				CLANG_WARN_OBJC_ROOT_CLASS = YES_ERROR;
				CLANG_WARN_RANGE_LOOP_ANALYSIS = YES;
				CLANG_WARN_STRICT_PROTOTYPES = YES;
				CLANG_WARN_SUSPICIOUS_MOVE = YES;
				CLANG_WARN_UNGUARDED_AVAILABILITY = YES_AGGRESSIVE;
				CLANG_WARN_UNREACHABLE_CODE = YES;
				CLANG_WARN__DUPLICATE_METHOD_MATCH = YES;
				COPY_PHASE_STRIP = NO;
				DEBUG_INFORMATION_FORMAT = "dwarf-with-dsym";
				ENABLE_NS_ASSERTIONS = NO;
				ENABLE_STRICT_OBJC_MSGSEND = YES;
				GCC_C_LANGUAGE_STANDARD = gnu11;
				GCC_NO_COMMON_BLOCKS = YES;
				GCC_WARN_64_TO_32_BIT_CONVERSION = YES;
				GCC_WARN_ABOUT_RETURN_TYPE = YES_ERROR;
				GCC_WARN_UNDECLARED_SELECTOR = YES;
				GCC_WARN_UNINITIALIZED_AUTOS = YES_AGGRESSIVE;
				GCC_WARN_UNUSED_FUNCTION = YES;
				GCC_WARN_UNUSED_VARIABLE = YES;
				IPHONEOS_DEPLOYMENT_TARGET = 13.4;
				MTL_ENABLE_DEBUG_INFO = NO;
				MTL_FAST_MATH = YES;
				SDKROOT = iphoneos;
				SWIFT_COMPILATION_MODE = wholemodule;
				SWIFT_OPTIMIZATION_LEVEL = "-O";
				VALIDATE_PRODUCT = YES;
			};
			name = Release;
		};
		CEACF83924358004007B75EB /* Debug */ = {
			isa = XCBuildConfiguration;
			buildSettings = {
				ALWAYS_EMBED_SWIFT_STANDARD_LIBRARIES = YES;
				ASSETCATALOG_COMPILER_APPICON_NAME = AppIcon;
				CODE_SIGN_STYLE = Automatic;
				DEVELOPMENT_TEAM = WHE552KZN5;
				INFOPLIST_FILE = "WebKit Gesture Bug Repro/Info.plist";
				IPHONEOS_DEPLOYMENT_TARGET = 13.0;
				LD_RUNPATH_SEARCH_PATHS = (
					"$(inherited)",
					"@executable_path/Frameworks",
				);
				PRODUCT_BUNDLE_IDENTIFIER = "com.keyman.testing.WebKit-Gesture-Bug-Repro";
				PRODUCT_NAME = "$(TARGET_NAME)";
				SWIFT_VERSION = 5.0;
				TARGETED_DEVICE_FAMILY = "1,2";
			};
			name = Debug;
		};
		CEACF83A24358004007B75EB /* Release */ = {
			isa = XCBuildConfiguration;
			buildSettings = {
				ALWAYS_EMBED_SWIFT_STANDARD_LIBRARIES = YES;
				ASSETCATALOG_COMPILER_APPICON_NAME = AppIcon;
				CODE_SIGN_STYLE = Automatic;
				DEVELOPMENT_TEAM = WHE552KZN5;
				INFOPLIST_FILE = "WebKit Gesture Bug Repro/Info.plist";
				IPHONEOS_DEPLOYMENT_TARGET = 13.0;
				LD_RUNPATH_SEARCH_PATHS = (
					"$(inherited)",
					"@executable_path/Frameworks",
				);
				PRODUCT_BUNDLE_IDENTIFIER = "com.keyman.testing.WebKit-Gesture-Bug-Repro";
				PRODUCT_NAME = "$(TARGET_NAME)";
				SWIFT_VERSION = 5.0;
				TARGETED_DEVICE_FAMILY = "1,2";
			};
			name = Release;
		};
		CEACF84B243588E4007B75EB /* Debug */ = {
			isa = XCBuildConfiguration;
			buildSettings = {
				CODE_SIGN_STYLE = Automatic;
				DEVELOPMENT_TEAM = WHE552KZN5;
				INFOPLIST_FILE = "WebKit Keyboard/Info.plist";
				LD_RUNPATH_SEARCH_PATHS = (
					"$(inherited)",
					"@executable_path/Frameworks",
					"@executable_path/../../Frameworks",
				);
				PRODUCT_BUNDLE_IDENTIFIER = "com.keyman.testing.WebKit-Gesture-Bug-Repro.WebKit-Keyboard";
				PRODUCT_NAME = "$(TARGET_NAME)";
				SKIP_INSTALL = YES;
				SWIFT_VERSION = 5.0;
				TARGETED_DEVICE_FAMILY = "1,2";
			};
			name = Debug;
		};
		CEACF84C243588E4007B75EB /* Release */ = {
			isa = XCBuildConfiguration;
			buildSettings = {
				CODE_SIGN_STYLE = Automatic;
				DEVELOPMENT_TEAM = WHE552KZN5;
				INFOPLIST_FILE = "WebKit Keyboard/Info.plist";
				LD_RUNPATH_SEARCH_PATHS = (
					"$(inherited)",
					"@executable_path/Frameworks",
					"@executable_path/../../Frameworks",
				);
				PRODUCT_BUNDLE_IDENTIFIER = "com.keyman.testing.WebKit-Gesture-Bug-Repro.WebKit-Keyboard";
				PRODUCT_NAME = "$(TARGET_NAME)";
				SKIP_INSTALL = YES;
				SWIFT_VERSION = 5.0;
				TARGETED_DEVICE_FAMILY = "1,2";
			};
			name = Release;
		};
/* End XCBuildConfiguration section */

/* Begin XCConfigurationList section */
		CEACF81F24358000007B75EB /* Build configuration list for PBXProject "WebKit Gesture Bug Repro" */ = {
			isa = XCConfigurationList;
			buildConfigurations = (
				CEACF83624358004007B75EB /* Debug */,
				CEACF83724358004007B75EB /* Release */,
			);
			defaultConfigurationIsVisible = 0;
			defaultConfigurationName = Release;
		};
		CEACF83824358004007B75EB /* Build configuration list for PBXNativeTarget "WebKit Gesture Bug Repro" */ = {
			isa = XCConfigurationList;
			buildConfigurations = (
				CEACF83924358004007B75EB /* Debug */,
				CEACF83A24358004007B75EB /* Release */,
			);
			defaultConfigurationIsVisible = 0;
			defaultConfigurationName = Release;
		};
		CEACF84A243588E4007B75EB /* Build configuration list for PBXNativeTarget "WebKit Keyboard" */ = {
			isa = XCConfigurationList;
			buildConfigurations = (
				CEACF84B243588E4007B75EB /* Debug */,
				CEACF84C243588E4007B75EB /* Release */,
			);
			defaultConfigurationIsVisible = 0;
			defaultConfigurationName = Release;
		};
/* End XCConfigurationList section */
	};
	rootObject = CEACF81C24358000007B75EB /* Project object */;
}
